
Microsoft Visual Studio Solution File, Format Version 12.00
# Visual Studio Version 16
VisualStudioVersion = 16.0.31402.337
MinimumVisualStudioVersion = 10.0.40219.1
Project("{FAE04EC0-301F-11D3-BF4B-00C04F79EFBC}") = "LiskovSubtitutionPrincipleSample", "LiskovSubtitutionPrincipleSample\LiskovSubtitutionPrincipleSample.csproj", "{71F9F1FC-530E-42D5-A1F1-E2D927118680}"
EndProject
Global
	GlobalSection(SolutionConfigurationPlatforms) = preSolution
		Debug|Any CPU = Debug|Any CPU
		Release|Any CPU = Release|Any CPU
	EndGlobalSection
	GlobalSection(ProjectConfigurationPlatforms) = postSolution
		{71F9F1FC-530E-42D5-A1F1-E2D927118680}.Debug|Any CPU.ActiveCfg = Debug|Any CPU
		{71F9F1FC-530E-42D5-A1F1-E2D927118680}.Debug|Any CPU.Build.0 = Debug|Any CPU
		{71F9F1FC-530E-42D5-A1F1-E2D927118680}.Release|Any CPU.ActiveCfg = Release|Any CPU
		{71F9F1FC-530E-42D5-A1F1-E2D927118680}.Release|Any CPU.Build.0 = Release|Any CPU
	EndGlobalSection
	GlobalSection(SolutionProperties) = preSolution
		HideSolutionNode = FALSE
	EndGlobalSection
	GlobalSection(ExtensibilityGlobals) = postSolution
		SolutionGuid = {F9484EBA-974C-4E11-ADA5-EFBDBF611649}
	EndGlobalSection
EndGlobal
